// !$*UTF8*$!
{
	archiveVersion = 1;
	classes = {
	};
	objectVersion = 55;
	objects = {

/* Begin PBXBuildFile section */
		5E10C67D28FC040200832F24 /* User.swift in Sources */ = {isa = PBXBuildFile; fileRef = 5E10C67C28FC040200832F24 /* User.swift */; };
		5E17FA4F293689F90059774E /* NetworkService.swift in Sources */ = {isa = PBXBuildFile; fileRef = 5E17FA4E293689F90059774E /* NetworkService.swift */; };
		5E17FA5129368BC90059774E /* AppConfiguration.swift in Sources */ = {isa = PBXBuildFile; fileRef = 5E17FA5029368BC90059774E /* AppConfiguration.swift */; };
		5E17FA55293F47AE0059774E /* Planet.swift in Sources */ = {isa = PBXBuildFile; fileRef = 5E17FA54293F47AE0059774E /* Planet.swift */; };
		5E17FA57293F4CD10059774E /* Json.swift in Sources */ = {isa = PBXBuildFile; fileRef = 5E17FA56293F4CD10059774E /* Json.swift */; };
		5E39A026286A15FB00F296C7 /* PostTableViewCell.swift in Sources */ = {isa = PBXBuildFile; fileRef = 5E39A025286A15FB00F296C7 /* PostTableViewCell.swift */; };
		5E39A02828919A3E00F296C7 /* PhotosTableViewCell.swift in Sources */ = {isa = PBXBuildFile; fileRef = 5E39A02728919A3E00F296C7 /* PhotosTableViewCell.swift */; };
		5E39A02A289AE06100F296C7 /* PhotosViewController.swift in Sources */ = {isa = PBXBuildFile; fileRef = 5E39A029289AE06100F296C7 /* PhotosViewController.swift */; };
		5E39A02C289AE4A500F296C7 /* PhotosCollectionViewCell.swift in Sources */ = {isa = PBXBuildFile; fileRef = 5E39A02B289AE4A500F296C7 /* PhotosCollectionViewCell.swift */; };
		5E5387772940DA2000B1DAED /* Resident.swift in Sources */ = {isa = PBXBuildFile; fileRef = 5E5387762940DA2000B1DAED /* Resident.swift */; };
		5E53877929410F9D00B1DAED /* NameResidentsTableViewCell.swift in Sources */ = {isa = PBXBuildFile; fileRef = 5E53877829410F9D00B1DAED /* NameResidentsTableViewCell.swift */; };
		5E53877B2945C94400B1DAED /* GoogleService-Info.plist in Resources */ = {isa = PBXBuildFile; fileRef = 5E53877A2945C94300B1DAED /* GoogleService-Info.plist */; };
		5E53877C2945C94400B1DAED /* GoogleService-Info.plist in Resources */ = {isa = PBXBuildFile; fileRef = 5E53877A2945C94300B1DAED /* GoogleService-Info.plist */; };
		5E53877F2945D2A000B1DAED /* FirebaseAuth in Frameworks */ = {isa = PBXBuildFile; productRef = 5E53877E2945D2A000B1DAED /* FirebaseAuth */; };
		5E5387812947969000B1DAED /* CheckerServiceProtocol.swift in Sources */ = {isa = PBXBuildFile; fileRef = 5E5387802947969000B1DAED /* CheckerServiceProtocol.swift */; };
		5E538783294798DA00B1DAED /* CheckerService.swift in Sources */ = {isa = PBXBuildFile; fileRef = 5E538782294798DA00B1DAED /* CheckerService.swift */; };
		5E538785294B94A000B1DAED /* FeedViewCell.swift in Sources */ = {isa = PBXBuildFile; fileRef = 5E538784294B94A000B1DAED /* FeedViewCell.swift */; };
		5E538787294C9B7400B1DAED /* FileFolder.swift in Sources */ = {isa = PBXBuildFile; fileRef = 5E538786294C9B7400B1DAED /* FileFolder.swift */; };
		5E771992295092150047D048 /* ImagePicker.swift in Sources */ = {isa = PBXBuildFile; fileRef = 5E771991295092150047D048 /* ImagePicker.swift */; };
		5E77199B2950C3420047D048 /* photo17.jpg in Resources */ = {isa = PBXBuildFile; fileRef = 5E7719932950C3410047D048 /* photo17.jpg */; };
		5E77199C2950C3420047D048 /* photo13.jpg in Resources */ = {isa = PBXBuildFile; fileRef = 5E7719942950C3410047D048 /* photo13.jpg */; };
		5E77199D2950C3420047D048 /* photo16.jpg in Resources */ = {isa = PBXBuildFile; fileRef = 5E7719952950C3410047D048 /* photo16.jpg */; };
		5E77199E2950C3420047D048 /* photo14.jpg in Resources */ = {isa = PBXBuildFile; fileRef = 5E7719962950C3410047D048 /* photo14.jpg */; };
		5E77199F2950C3420047D048 /* photo12.jpg in Resources */ = {isa = PBXBuildFile; fileRef = 5E7719972950C3410047D048 /* photo12.jpg */; };
		5E7719A02950C3420047D048 /* photo11.jpg in Resources */ = {isa = PBXBuildFile; fileRef = 5E7719982950C3420047D048 /* photo11.jpg */; };
		5E7719A12950C3420047D048 /* photo18.jpg in Resources */ = {isa = PBXBuildFile; fileRef = 5E7719992950C3420047D048 /* photo18.jpg */; };
		5E7719A22950C3420047D048 /* photo15.jpg in Resources */ = {isa = PBXBuildFile; fileRef = 5E77199A2950C3420047D048 /* photo15.jpg */; };
		5E890614282FEB690066A557 /* ProfileHeaderView.swift in Sources */ = {isa = PBXBuildFile; fileRef = 5E890613282FEB690066A557 /* ProfileHeaderView.swift */; };
		5E890616282FEBB20066A557 /* ProfileViewController.swift in Sources */ = {isa = PBXBuildFile; fileRef = 5E890615282FEBB20066A557 /* ProfileViewController.swift */; };
		5E89061828453DBF0066A557 /* Extension.swift in Sources */ = {isa = PBXBuildFile; fileRef = 5E89061728453DBF0066A557 /* Extension.swift */; };
		5EA096272907BDBB000A8034 /* UserService.swift in Sources */ = {isa = PBXBuildFile; fileRef = 5EA096262907BDBB000A8034 /* UserService.swift */; };
		5EA096292907BE56000A8034 /* CurrentUserService.swift in Sources */ = {isa = PBXBuildFile; fileRef = 5EA096282907BE56000A8034 /* CurrentUserService.swift */; };
		5EA0962B2907BEB5000A8034 /* TestUserService.swift in Sources */ = {isa = PBXBuildFile; fileRef = 5EA0962A2907BEB5000A8034 /* TestUserService.swift */; };
		5EA0962D2907BEF0000A8034 /* Checker.swift in Sources */ = {isa = PBXBuildFile; fileRef = 5EA0962C2907BEF0000A8034 /* Checker.swift */; };
		5EA0962F2907C05F000A8034 /* LoginViewControllerDelegate.swift in Sources */ = {isa = PBXBuildFile; fileRef = 5EA0962E2907C05F000A8034 /* LoginViewControllerDelegate.swift */; };
		5EA096312907C0B8000A8034 /* LoginInspector.swift in Sources */ = {isa = PBXBuildFile; fileRef = 5EA096302907C0B8000A8034 /* LoginInspector.swift */; };
		5EA096332907C0DF000A8034 /* LoginFactory.swift in Sources */ = {isa = PBXBuildFile; fileRef = 5EA096322907C0DF000A8034 /* LoginFactory.swift */; };
		5EA096352907C118000A8034 /* MyLoginFactory.swift in Sources */ = {isa = PBXBuildFile; fileRef = 5EA096342907C118000A8034 /* MyLoginFactory.swift */; };
		5EA0963B290851A5000A8034 /* iOSIntPackage in Frameworks */ = {isa = PBXBuildFile; productRef = 5EA0963A290851A5000A8034 /* iOSIntPackage */; };
		5EA2B5032859DFCE0078CCE1 /* LogInViewController.swift in Sources */ = {isa = PBXBuildFile; fileRef = 5EA2B5022859DFCE0078CCE1 /* LogInViewController.swift */; };
		5EA7A15828EC944300DC50E7 /* StorageService.docc in Sources */ = {isa = PBXBuildFile; fileRef = 5EA7A15728EC944300DC50E7 /* StorageService.docc */; };
		5EA7A16628EC944300DC50E7 /* StorageService.h in Headers */ = {isa = PBXBuildFile; fileRef = 5EA7A15628EC944300DC50E7 /* StorageService.h */; settings = {ATTRIBUTES = (Public, ); }; };
		5EA7A16928EC944300DC50E7 /* StorageService.framework in Frameworks */ = {isa = PBXBuildFile; fileRef = 5EA7A15428EC944300DC50E7 /* StorageService.framework */; };
		5EA7A16A28EC944300DC50E7 /* StorageService.framework in Embed Frameworks */ = {isa = PBXBuildFile; fileRef = 5EA7A15428EC944300DC50E7 /* StorageService.framework */; settings = {ATTRIBUTES = (CodeSignOnCopy, RemoveHeadersOnCopy, ); }; };
		5EAD6D782802C53D00091514 /* AppDelegate.swift in Sources */ = {isa = PBXBuildFile; fileRef = 5EAD6D772802C53D00091514 /* AppDelegate.swift */; };
		5EAD6D7C2802C53D00091514 /* FeedViewController.swift in Sources */ = {isa = PBXBuildFile; fileRef = 5EAD6D7B2802C53D00091514 /* FeedViewController.swift */; };
		5EAD6D812802C53F00091514 /* Assets.xcassets in Resources */ = {isa = PBXBuildFile; fileRef = 5EAD6D802802C53F00091514 /* Assets.xcassets */; };
		5EAD6D842802C53F00091514 /* LaunchScreen.storyboard in Resources */ = {isa = PBXBuildFile; fileRef = 5EAD6D822802C53F00091514 /* LaunchScreen.storyboard */; };
		5EAD6D8E281E988700091514 /* PostViewController.swift in Sources */ = {isa = PBXBuildFile; fileRef = 5EAD6D8D281E988700091514 /* PostViewController.swift */; };
		5EC1FFCD281FE55000BFBB79 /* Posti.swift in Sources */ = {isa = PBXBuildFile; fileRef = 5EC1FFCC281FE55000BFBB79 /* Posti.swift */; };
		5EC1FFCF281FFD2500BFBB79 /* InfoViewController.swift in Sources */ = {isa = PBXBuildFile; fileRef = 5EC1FFCE281FFD2500BFBB79 /* InfoViewController.swift */; };
		5EC2E79F29229BDB003E7295 /* LoginCoordinator.swift in Sources */ = {isa = PBXBuildFile; fileRef = 5EC2E79E29229BDB003E7295 /* LoginCoordinator.swift */; };
		5ED936DC291BA262005C815B /* AppCoordinator.swift in Sources */ = {isa = PBXBuildFile; fileRef = 5ED936DB291BA262005C815B /* AppCoordinator.swift */; };
		5ED936DE291BA319005C815B /* MainFeedCoordinator.swift in Sources */ = {isa = PBXBuildFile; fileRef = 5ED936DD291BA319005C815B /* MainFeedCoordinator.swift */; };
		5ED936E2291C1762005C815B /* MainProfileCoordinator.swift in Sources */ = {isa = PBXBuildFile; fileRef = 5ED936E1291C1762005C815B /* MainProfileCoordinator.swift */; };
		5ED936E4291D29B9005C815B /* MainTabBarController.swift in Sources */ = {isa = PBXBuildFile; fileRef = 5ED936E3291D29B9005C815B /* MainTabBarController.swift */; };
		5ED936E8291D6AB0005C815B /* PostCoordinator.swift in Sources */ = {isa = PBXBuildFile; fileRef = 5ED936E7291D6AB0005C815B /* PostCoordinator.swift */; };
		5ED936EA29212468005C815B /* ProfileViewModel.swift in Sources */ = {isa = PBXBuildFile; fileRef = 5ED936E929212468005C815B /* ProfileViewModel.swift */; };
		5ED936EF29214740005C815B /* ProfileAssembly.swift in Sources */ = {isa = PBXBuildFile; fileRef = 5ED936EE29214740005C815B /* ProfileAssembly.swift */; };
		5EE2203B290ED1C0000C7DE2 /* CustomButton.swift in Sources */ = {isa = PBXBuildFile; fileRef = 5EE2203A290ED1C0000C7DE2 /* CustomButton.swift */; };
		5EE2203D291422FE000C7DE2 /* FeedModel.swift in Sources */ = {isa = PBXBuildFile; fileRef = 5EE2203C291422FE000C7DE2 /* FeedModel.swift */; };
/* End PBXBuildFile section */

/* Begin PBXContainerItemProxy section */
		5EA7A16728EC944300DC50E7 /* PBXContainerItemProxy */ = {
			isa = PBXContainerItemProxy;
			containerPortal = 5EAD6D6C2802C53D00091514 /* Project object */;
			proxyType = 1;
			remoteGlobalIDString = 5EA7A15328EC944300DC50E7;
			remoteInfo = StorageService;
		};
/* End PBXContainerItemProxy section */

/* Begin PBXCopyFilesBuildPhase section */
		5EA7A16B28EC944300DC50E7 /* Embed Frameworks */ = {
			isa = PBXCopyFilesBuildPhase;
			buildActionMask = 2147483647;
			dstPath = "";
			dstSubfolderSpec = 10;
			files = (
				5EA7A16A28EC944300DC50E7 /* StorageService.framework in Embed Frameworks */,
			);
			name = "Embed Frameworks";
			runOnlyForDeploymentPostprocessing = 0;
		};
/* End PBXCopyFilesBuildPhase section */

/* Begin PBXFileReference section */
		5E10C67C28FC040200832F24 /* User.swift */ = {isa = PBXFileReference; lastKnownFileType = sourcecode.swift; path = User.swift; sourceTree = "<group>"; };
		5E17FA4E293689F90059774E /* NetworkService.swift */ = {isa = PBXFileReference; lastKnownFileType = sourcecode.swift; path = NetworkService.swift; sourceTree = "<group>"; };
		5E17FA5029368BC90059774E /* AppConfiguration.swift */ = {isa = PBXFileReference; lastKnownFileType = sourcecode.swift; path = AppConfiguration.swift; sourceTree = "<group>"; };
		5E17FA54293F47AE0059774E /* Planet.swift */ = {isa = PBXFileReference; lastKnownFileType = sourcecode.swift; path = Planet.swift; sourceTree = "<group>"; };
		5E17FA56293F4CD10059774E /* Json.swift */ = {isa = PBXFileReference; lastKnownFileType = sourcecode.swift; path = Json.swift; sourceTree = "<group>"; };
		5E39A025286A15FB00F296C7 /* PostTableViewCell.swift */ = {isa = PBXFileReference; lastKnownFileType = sourcecode.swift; path = PostTableViewCell.swift; sourceTree = "<group>"; };
		5E39A02728919A3E00F296C7 /* PhotosTableViewCell.swift */ = {isa = PBXFileReference; lastKnownFileType = sourcecode.swift; path = PhotosTableViewCell.swift; sourceTree = "<group>"; };
		5E39A029289AE06100F296C7 /* PhotosViewController.swift */ = {isa = PBXFileReference; lastKnownFileType = sourcecode.swift; path = PhotosViewController.swift; sourceTree = "<group>"; };
		5E39A02B289AE4A500F296C7 /* PhotosCollectionViewCell.swift */ = {isa = PBXFileReference; lastKnownFileType = sourcecode.swift; path = PhotosCollectionViewCell.swift; sourceTree = "<group>"; };
		5E5387762940DA2000B1DAED /* Resident.swift */ = {isa = PBXFileReference; lastKnownFileType = sourcecode.swift; path = Resident.swift; sourceTree = "<group>"; };
		5E53877829410F9D00B1DAED /* NameResidentsTableViewCell.swift */ = {isa = PBXFileReference; lastKnownFileType = sourcecode.swift; path = NameResidentsTableViewCell.swift; sourceTree = "<group>"; };
		5E53877A2945C94300B1DAED /* GoogleService-Info.plist */ = {isa = PBXFileReference; fileEncoding = 4; lastKnownFileType = text.plist.xml; path = "GoogleService-Info.plist"; sourceTree = "<group>"; };
		5E5387802947969000B1DAED /* CheckerServiceProtocol.swift */ = {isa = PBXFileReference; lastKnownFileType = sourcecode.swift; path = CheckerServiceProtocol.swift; sourceTree = "<group>"; };
		5E538782294798DA00B1DAED /* CheckerService.swift */ = {isa = PBXFileReference; lastKnownFileType = sourcecode.swift; path = CheckerService.swift; sourceTree = "<group>"; };
		5E538784294B94A000B1DAED /* FeedViewCell.swift */ = {isa = PBXFileReference; lastKnownFileType = sourcecode.swift; path = FeedViewCell.swift; sourceTree = "<group>"; };
		5E538786294C9B7400B1DAED /* FileFolder.swift */ = {isa = PBXFileReference; lastKnownFileType = sourcecode.swift; path = FileFolder.swift; sourceTree = "<group>"; };
		5E771991295092150047D048 /* ImagePicker.swift */ = {isa = PBXFileReference; lastKnownFileType = sourcecode.swift; path = ImagePicker.swift; sourceTree = "<group>"; };
		5E7719932950C3410047D048 /* photo17.jpg */ = {isa = PBXFileReference; lastKnownFileType = image.jpeg; path = photo17.jpg; sourceTree = "<group>"; };
		5E7719942950C3410047D048 /* photo13.jpg */ = {isa = PBXFileReference; lastKnownFileType = image.jpeg; path = photo13.jpg; sourceTree = "<group>"; };
		5E7719952950C3410047D048 /* photo16.jpg */ = {isa = PBXFileReference; lastKnownFileType = image.jpeg; path = photo16.jpg; sourceTree = "<group>"; };
		5E7719962950C3410047D048 /* photo14.jpg */ = {isa = PBXFileReference; lastKnownFileType = image.jpeg; path = photo14.jpg; sourceTree = "<group>"; };
		5E7719972950C3410047D048 /* photo12.jpg */ = {isa = PBXFileReference; lastKnownFileType = image.jpeg; path = photo12.jpg; sourceTree = "<group>"; };
		5E7719982950C3420047D048 /* photo11.jpg */ = {isa = PBXFileReference; lastKnownFileType = image.jpeg; path = photo11.jpg; sourceTree = "<group>"; };
		5E7719992950C3420047D048 /* photo18.jpg */ = {isa = PBXFileReference; lastKnownFileType = image.jpeg; path = photo18.jpg; sourceTree = "<group>"; };
		5E77199A2950C3420047D048 /* photo15.jpg */ = {isa = PBXFileReference; lastKnownFileType = image.jpeg; path = photo15.jpg; sourceTree = "<group>"; };
		5E890613282FEB690066A557 /* ProfileHeaderView.swift */ = {isa = PBXFileReference; lastKnownFileType = sourcecode.swift; path = ProfileHeaderView.swift; sourceTree = "<group>"; };
		5E890615282FEBB20066A557 /* ProfileViewController.swift */ = {isa = PBXFileReference; lastKnownFileType = sourcecode.swift; path = ProfileViewController.swift; sourceTree = "<group>"; };
		5E89061728453DBF0066A557 /* Extension.swift */ = {isa = PBXFileReference; lastKnownFileType = sourcecode.swift; path = Extension.swift; sourceTree = "<group>"; };
		5EA096262907BDBB000A8034 /* UserService.swift */ = {isa = PBXFileReference; lastKnownFileType = sourcecode.swift; path = UserService.swift; sourceTree = "<group>"; };
		5EA096282907BE56000A8034 /* CurrentUserService.swift */ = {isa = PBXFileReference; lastKnownFileType = sourcecode.swift; path = CurrentUserService.swift; sourceTree = "<group>"; };
		5EA0962A2907BEB5000A8034 /* TestUserService.swift */ = {isa = PBXFileReference; lastKnownFileType = sourcecode.swift; path = TestUserService.swift; sourceTree = "<group>"; };
		5EA0962C2907BEF0000A8034 /* Checker.swift */ = {isa = PBXFileReference; lastKnownFileType = sourcecode.swift; path = Checker.swift; sourceTree = "<group>"; };
		5EA0962E2907C05F000A8034 /* LoginViewControllerDelegate.swift */ = {isa = PBXFileReference; lastKnownFileType = sourcecode.swift; path = LoginViewControllerDelegate.swift; sourceTree = "<group>"; };
		5EA096302907C0B8000A8034 /* LoginInspector.swift */ = {isa = PBXFileReference; lastKnownFileType = sourcecode.swift; path = LoginInspector.swift; sourceTree = "<group>"; };
		5EA096322907C0DF000A8034 /* LoginFactory.swift */ = {isa = PBXFileReference; lastKnownFileType = sourcecode.swift; path = LoginFactory.swift; sourceTree = "<group>"; };
		5EA096342907C118000A8034 /* MyLoginFactory.swift */ = {isa = PBXFileReference; lastKnownFileType = sourcecode.swift; path = MyLoginFactory.swift; sourceTree = "<group>"; };
		5EA2B5022859DFCE0078CCE1 /* LogInViewController.swift */ = {isa = PBXFileReference; lastKnownFileType = sourcecode.swift; path = LogInViewController.swift; sourceTree = "<group>"; };
		5EA7A15428EC944300DC50E7 /* StorageService.framework */ = {isa = PBXFileReference; explicitFileType = wrapper.framework; includeInIndex = 0; path = StorageService.framework; sourceTree = BUILT_PRODUCTS_DIR; };
		5EA7A15628EC944300DC50E7 /* StorageService.h */ = {isa = PBXFileReference; lastKnownFileType = sourcecode.c.h; path = StorageService.h; sourceTree = "<group>"; };
		5EA7A15728EC944300DC50E7 /* StorageService.docc */ = {isa = PBXFileReference; lastKnownFileType = folder.documentationcatalog; path = StorageService.docc; sourceTree = "<group>"; };
		5EAD6D742802C53D00091514 /* Navigation.app */ = {isa = PBXFileReference; explicitFileType = wrapper.application; includeInIndex = 0; path = Navigation.app; sourceTree = BUILT_PRODUCTS_DIR; };
		5EAD6D772802C53D00091514 /* AppDelegate.swift */ = {isa = PBXFileReference; lastKnownFileType = sourcecode.swift; path = AppDelegate.swift; sourceTree = "<group>"; };
		5EAD6D7B2802C53D00091514 /* FeedViewController.swift */ = {isa = PBXFileReference; lastKnownFileType = sourcecode.swift; path = FeedViewController.swift; sourceTree = "<group>"; };
		5EAD6D802802C53F00091514 /* Assets.xcassets */ = {isa = PBXFileReference; lastKnownFileType = folder.assetcatalog; path = Assets.xcassets; sourceTree = "<group>"; };
		5EAD6D832802C53F00091514 /* Base */ = {isa = PBXFileReference; lastKnownFileType = file.storyboard; name = Base; path = Base.lproj/LaunchScreen.storyboard; sourceTree = "<group>"; };
		5EAD6D852802C53F00091514 /* Info.plist */ = {isa = PBXFileReference; lastKnownFileType = text.plist.xml; path = Info.plist; sourceTree = "<group>"; };
		5EAD6D8D281E988700091514 /* PostViewController.swift */ = {isa = PBXFileReference; lastKnownFileType = sourcecode.swift; path = PostViewController.swift; sourceTree = "<group>"; };
		5EC1FFCC281FE55000BFBB79 /* Posti.swift */ = {isa = PBXFileReference; lastKnownFileType = sourcecode.swift; path = Posti.swift; sourceTree = "<group>"; };
		5EC1FFCE281FFD2500BFBB79 /* InfoViewController.swift */ = {isa = PBXFileReference; lastKnownFileType = sourcecode.swift; path = InfoViewController.swift; sourceTree = "<group>"; };
		5EC2E79E29229BDB003E7295 /* LoginCoordinator.swift */ = {isa = PBXFileReference; lastKnownFileType = sourcecode.swift; path = LoginCoordinator.swift; sourceTree = "<group>"; };
		5ED936DB291BA262005C815B /* AppCoordinator.swift */ = {isa = PBXFileReference; lastKnownFileType = sourcecode.swift; path = AppCoordinator.swift; sourceTree = "<group>"; };
		5ED936DD291BA319005C815B /* MainFeedCoordinator.swift */ = {isa = PBXFileReference; lastKnownFileType = sourcecode.swift; path = MainFeedCoordinator.swift; sourceTree = "<group>"; };
		5ED936E1291C1762005C815B /* MainProfileCoordinator.swift */ = {isa = PBXFileReference; lastKnownFileType = sourcecode.swift; path = MainProfileCoordinator.swift; sourceTree = "<group>"; };
		5ED936E3291D29B9005C815B /* MainTabBarController.swift */ = {isa = PBXFileReference; lastKnownFileType = sourcecode.swift; path = MainTabBarController.swift; sourceTree = "<group>"; };
		5ED936E7291D6AB0005C815B /* PostCoordinator.swift */ = {isa = PBXFileReference; lastKnownFileType = sourcecode.swift; path = PostCoordinator.swift; sourceTree = "<group>"; };
		5ED936E929212468005C815B /* ProfileViewModel.swift */ = {isa = PBXFileReference; lastKnownFileType = sourcecode.swift; path = ProfileViewModel.swift; sourceTree = "<group>"; };
		5ED936EE29214740005C815B /* ProfileAssembly.swift */ = {isa = PBXFileReference; lastKnownFileType = sourcecode.swift; path = ProfileAssembly.swift; sourceTree = "<group>"; };
		5EE2203A290ED1C0000C7DE2 /* CustomButton.swift */ = {isa = PBXFileReference; lastKnownFileType = sourcecode.swift; path = CustomButton.swift; sourceTree = "<group>"; };
		5EE2203C291422FE000C7DE2 /* FeedModel.swift */ = {isa = PBXFileReference; lastKnownFileType = sourcecode.swift; path = FeedModel.swift; sourceTree = "<group>"; };
/* End PBXFileReference section */

/* Begin PBXFrameworksBuildPhase section */
		5EA7A15128EC944300DC50E7 /* Frameworks */ = {
			isa = PBXFrameworksBuildPhase;
			buildActionMask = 2147483647;
			files = (
			);
			runOnlyForDeploymentPostprocessing = 0;
		};
		5EAD6D712802C53D00091514 /* Frameworks */ = {
			isa = PBXFrameworksBuildPhase;
			buildActionMask = 2147483647;
			files = (
				5EA7A16928EC944300DC50E7 /* StorageService.framework in Frameworks */,
				5E53877F2945D2A000B1DAED /* FirebaseAuth in Frameworks */,
				5EA0963B290851A5000A8034 /* iOSIntPackage in Frameworks */,
			);
			runOnlyForDeploymentPostprocessing = 0;
		};
/* End PBXFrameworksBuildPhase section */

/* Begin PBXGroup section */
		5E538775293F9B8F00B1DAED /* Model */ = {
			isa = PBXGroup;
			children = (
				5EE2203C291422FE000C7DE2 /* FeedModel.swift */,
				5E17FA56293F4CD10059774E /* Json.swift */,
				5E17FA54293F47AE0059774E /* Planet.swift */,
				5E5387762940DA2000B1DAED /* Resident.swift */,
				5E538786294C9B7400B1DAED /* FileFolder.swift */,
			);
			path = Model;
			sourceTree = "<group>";
		};
		5E7719A32950C38E0047D048 /* Photos */ = {
			isa = PBXGroup;
			children = (
				5E7719982950C3420047D048 /* photo11.jpg */,
				5E7719972950C3410047D048 /* photo12.jpg */,
				5E7719942950C3410047D048 /* photo13.jpg */,
				5E7719962950C3410047D048 /* photo14.jpg */,
				5E77199A2950C3420047D048 /* photo15.jpg */,
				5E7719952950C3410047D048 /* photo16.jpg */,
				5E7719932950C3410047D048 /* photo17.jpg */,
				5E7719992950C3420047D048 /* photo18.jpg */,
			);
			path = Photos;
			sourceTree = "<group>";
		};
		5E89060E282FE9870066A557 /* Profile */ = {
			isa = PBXGroup;
			children = (
				5ED936EB29212750005C815B /* Model */,
				5ED936EC2921276C005C815B /* ViewModel */,
				5ED936ED29212788005C815B /* Views */,
				5ED936EE29214740005C815B /* ProfileAssembly.swift */,
				5EA096262907BDBB000A8034 /* UserService.swift */,
				5EA096282907BE56000A8034 /* CurrentUserService.swift */,
				5EA0962A2907BEB5000A8034 /* TestUserService.swift */,
				5EA0962C2907BEF0000A8034 /* Checker.swift */,
				5EA0962E2907C05F000A8034 /* LoginViewControllerDelegate.swift */,
				5EA096302907C0B8000A8034 /* LoginInspector.swift */,
				5EA096322907C0DF000A8034 /* LoginFactory.swift */,
				5EA096342907C118000A8034 /* MyLoginFactory.swift */,
				5EE2203A290ED1C0000C7DE2 /* CustomButton.swift */,
				5E5387802947969000B1DAED /* CheckerServiceProtocol.swift */,
				5E538782294798DA00B1DAED /* CheckerService.swift */,
			);
			path = Profile;
			sourceTree = "<group>";
		};
		5EA7A15528EC944300DC50E7 /* StorageService */ = {
			isa = PBXGroup;
			children = (
				5EA7A15628EC944300DC50E7 /* StorageService.h */,
				5EA7A15728EC944300DC50E7 /* StorageService.docc */,
			);
			path = StorageService;
			sourceTree = "<group>";
		};
		5EAD6D6B2802C53D00091514 = {
			isa = PBXGroup;
			children = (
				5EAD6D762802C53D00091514 /* Navigation */,
				5EA7A15528EC944300DC50E7 /* StorageService */,
				5EAD6D752802C53D00091514 /* Products */,
			);
			sourceTree = "<group>";
		};
		5EAD6D752802C53D00091514 /* Products */ = {
			isa = PBXGroup;
			children = (
				5EAD6D742802C53D00091514 /* Navigation.app */,
				5EA7A15428EC944300DC50E7 /* StorageService.framework */,
			);
			name = Products;
			sourceTree = "<group>";
		};
		5EAD6D762802C53D00091514 /* Navigation */ = {
			isa = PBXGroup;
			children = (
				5E7719A32950C38E0047D048 /* Photos */,
				5ED936DA291BA235005C815B /* Coordinator */,
				5ED936D9291ABA65005C815B /* Feed */,
				5E89060E282FE9870066A557 /* Profile */,
				5EAD6D772802C53D00091514 /* AppDelegate.swift */,
				5E89061728453DBF0066A557 /* Extension.swift */,
				5EAD6D802802C53F00091514 /* Assets.xcassets */,
				5EAD6D822802C53F00091514 /* LaunchScreen.storyboard */,
				5EAD6D852802C53F00091514 /* Info.plist */,
				5E53877A2945C94300B1DAED /* GoogleService-Info.plist */,
			);
			path = Navigation;
			sourceTree = "<group>";
		};
		5ED936D9291ABA65005C815B /* Feed */ = {
			isa = PBXGroup;
			children = (
				5E538775293F9B8F00B1DAED /* Model */,
				5EAD6D7B2802C53D00091514 /* FeedViewController.swift */,
				5E771991295092150047D048 /* ImagePicker.swift */,
				5E538784294B94A000B1DAED /* FeedViewCell.swift */,
				5EAD6D8D281E988700091514 /* PostViewController.swift */,
				5EC1FFCE281FFD2500BFBB79 /* InfoViewController.swift */,
				5E53877829410F9D00B1DAED /* NameResidentsTableViewCell.swift */,
				5EC1FFCC281FE55000BFBB79 /* Posti.swift */,
			);
			path = Feed;
			sourceTree = "<group>";
		};
		5ED936DA291BA235005C815B /* Coordinator */ = {
			isa = PBXGroup;
			children = (
				5ED936DB291BA262005C815B /* AppCoordinator.swift */,
				5ED936E3291D29B9005C815B /* MainTabBarController.swift */,
				5ED936DD291BA319005C815B /* MainFeedCoordinator.swift */,
				5ED936E1291C1762005C815B /* MainProfileCoordinator.swift */,
				5ED936E7291D6AB0005C815B /* PostCoordinator.swift */,
				5EC2E79E29229BDB003E7295 /* LoginCoordinator.swift */,
			);
			path = Coordinator;
			sourceTree = "<group>";
		};
		5ED936EB29212750005C815B /* Model */ = {
			isa = PBXGroup;
			children = (
				5E10C67C28FC040200832F24 /* User.swift */,
				5E17FA4E293689F90059774E /* NetworkService.swift */,
				5E17FA5029368BC90059774E /* AppConfiguration.swift */,
			);
			path = Model;
			sourceTree = "<group>";
		};
		5ED936EC2921276C005C815B /* ViewModel */ = {
			isa = PBXGroup;
			children = (
				5ED936E929212468005C815B /* ProfileViewModel.swift */,
			);
			path = ViewModel;
			sourceTree = "<group>";
		};
		5ED936ED29212788005C815B /* Views */ = {
			isa = PBXGroup;
			children = (
				5ED936F129217516005C815B /* Cells */,
				5EA2B5022859DFCE0078CCE1 /* LogInViewController.swift */,
				5E890615282FEBB20066A557 /* ProfileViewController.swift */,
				5E890613282FEB690066A557 /* ProfileHeaderView.swift */,
				5E39A029289AE06100F296C7 /* PhotosViewController.swift */,
			);
			path = Views;
			sourceTree = "<group>";
		};
		5ED936F129217516005C815B /* Cells */ = {
			isa = PBXGroup;
			children = (
				5E39A025286A15FB00F296C7 /* PostTableViewCell.swift */,
				5E39A02728919A3E00F296C7 /* PhotosTableViewCell.swift */,
				5E39A02B289AE4A500F296C7 /* PhotosCollectionViewCell.swift */,
			);
			path = Cells;
			sourceTree = "<group>";
		};
/* End PBXGroup section */

/* Begin PBXHeadersBuildPhase section */
		5EA7A14F28EC944300DC50E7 /* Headers */ = {
			isa = PBXHeadersBuildPhase;
			buildActionMask = 2147483647;
			files = (
				5EA7A16628EC944300DC50E7 /* StorageService.h in Headers */,
			);
			runOnlyForDeploymentPostprocessing = 0;
		};
/* End PBXHeadersBuildPhase section */

/* Begin PBXNativeTarget section */
		5EA7A15328EC944300DC50E7 /* StorageService */ = {
			isa = PBXNativeTarget;
			buildConfigurationList = 5EA7A17028EC944300DC50E7 /* Build configuration list for PBXNativeTarget "StorageService" */;
			buildPhases = (
				5EA7A14F28EC944300DC50E7 /* Headers */,
				5EA7A15028EC944300DC50E7 /* Sources */,
				5EA7A15128EC944300DC50E7 /* Frameworks */,
				5EA7A15228EC944300DC50E7 /* Resources */,
			);
			buildRules = (
			);
			dependencies = (
			);
			name = StorageService;
			productName = StorageService;
			productReference = 5EA7A15428EC944300DC50E7 /* StorageService.framework */;
			productType = "com.apple.product-type.framework";
		};
		5EAD6D732802C53D00091514 /* Navigation */ = {
			isa = PBXNativeTarget;
			buildConfigurationList = 5EAD6D882802C53F00091514 /* Build configuration list for PBXNativeTarget "Navigation" */;
			buildPhases = (
				5EAD6D702802C53D00091514 /* Sources */,
				5EAD6D712802C53D00091514 /* Frameworks */,
				5EAD6D722802C53D00091514 /* Resources */,
				5EA7A16B28EC944300DC50E7 /* Embed Frameworks */,
			);
			buildRules = (
			);
			dependencies = (
				5EA7A16828EC944300DC50E7 /* PBXTargetDependency */,
			);
			name = Navigation;
			packageProductDependencies = (
				5EA0963A290851A5000A8034 /* iOSIntPackage */,
				5E53877E2945D2A000B1DAED /* FirebaseAuth */,
			);
			productName = Navigation;
			productReference = 5EAD6D742802C53D00091514 /* Navigation.app */;
			productType = "com.apple.product-type.application";
		};
/* End PBXNativeTarget section */

/* Begin PBXProject section */
		5EAD6D6C2802C53D00091514 /* Project object */ = {
			isa = PBXProject;
			attributes = {
				BuildIndependentTargetsInParallel = 1;
				LastSwiftUpdateCheck = 1340;
				LastUpgradeCheck = 1330;
				TargetAttributes = {
					5EA7A15328EC944300DC50E7 = {
						CreatedOnToolsVersion = 13.4.1;
					};
					5EAD6D732802C53D00091514 = {
						CreatedOnToolsVersion = 13.3;
					};
				};
			};
			buildConfigurationList = 5EAD6D6F2802C53D00091514 /* Build configuration list for PBXProject "Navigation" */;
			compatibilityVersion = "Xcode 13.0";
			developmentRegion = en;
			hasScannedForEncodings = 0;
			knownRegions = (
				en,
				Base,
			);
			mainGroup = 5EAD6D6B2802C53D00091514;
			packageReferences = (
				5EA09639290851A5000A8034 /* XCRemoteSwiftPackageReference "iOSIntPackage" */,
				5E53877D2945D2A000B1DAED /* XCRemoteSwiftPackageReference "firebase-ios-sdk" */,
			);
			productRefGroup = 5EAD6D752802C53D00091514 /* Products */;
			projectDirPath = "";
			projectRoot = "";
			targets = (
				5EAD6D732802C53D00091514 /* Navigation */,
				5EA7A15328EC944300DC50E7 /* StorageService */,
			);
		};
/* End PBXProject section */

/* Begin PBXResourcesBuildPhase section */
		5EA7A15228EC944300DC50E7 /* Resources */ = {
			isa = PBXResourcesBuildPhase;
			buildActionMask = 2147483647;
			files = (
				5E53877C2945C94400B1DAED /* GoogleService-Info.plist in Resources */,
			);
			runOnlyForDeploymentPostprocessing = 0;
		};
		5EAD6D722802C53D00091514 /* Resources */ = {
			isa = PBXResourcesBuildPhase;
			buildActionMask = 2147483647;
			files = (
				5E77199B2950C3420047D048 /* photo17.jpg in Resources */,
				5EAD6D842802C53F00091514 /* LaunchScreen.storyboard in Resources */,
				5E77199E2950C3420047D048 /* photo14.jpg in Resources */,
				5E7719A22950C3420047D048 /* photo15.jpg in Resources */,
				5E7719A02950C3420047D048 /* photo11.jpg in Resources */,
				5EAD6D812802C53F00091514 /* Assets.xcassets in Resources */,
				5E77199D2950C3420047D048 /* photo16.jpg in Resources */,
				5E53877B2945C94400B1DAED /* GoogleService-Info.plist in Resources */,
				5E77199C2950C3420047D048 /* photo13.jpg in Resources */,
				5E77199F2950C3420047D048 /* photo12.jpg in Resources */,
				5E7719A12950C3420047D048 /* photo18.jpg in Resources */,
			);
			runOnlyForDeploymentPostprocessing = 0;
		};
/* End PBXResourcesBuildPhase section */

/* Begin PBXSourcesBuildPhase section */
		5EA7A15028EC944300DC50E7 /* Sources */ = {
			isa = PBXSourcesBuildPhase;
			buildActionMask = 2147483647;
			files = (
				5EA7A15828EC944300DC50E7 /* StorageService.docc in Sources */,
			);
			runOnlyForDeploymentPostprocessing = 0;
		};
		5EAD6D702802C53D00091514 /* Sources */ = {
			isa = PBXSourcesBuildPhase;
			buildActionMask = 2147483647;
			files = (
				5EA096312907C0B8000A8034 /* LoginInspector.swift in Sources */,
				5EA096292907BE56000A8034 /* CurrentUserService.swift in Sources */,
				5ED936DC291BA262005C815B /* AppCoordinator.swift in Sources */,
				5EA0962F2907C05F000A8034 /* LoginViewControllerDelegate.swift in Sources */,
				5E53877929410F9D00B1DAED /* NameResidentsTableViewCell.swift in Sources */,
				5E17FA55293F47AE0059774E /* Planet.swift in Sources */,
				5EA0962D2907BEF0000A8034 /* Checker.swift in Sources */,
				5ED936E8291D6AB0005C815B /* PostCoordinator.swift in Sources */,
				5E39A02828919A3E00F296C7 /* PhotosTableViewCell.swift in Sources */,
				5E39A02C289AE4A500F296C7 /* PhotosCollectionViewCell.swift in Sources */,
				5E39A02A289AE06100F296C7 /* PhotosViewController.swift in Sources */,
				5ED936E2291C1762005C815B /* MainProfileCoordinator.swift in Sources */,
				5E39A026286A15FB00F296C7 /* PostTableViewCell.swift in Sources */,
				5E89061828453DBF0066A557 /* Extension.swift in Sources */,
				5EA096332907C0DF000A8034 /* LoginFactory.swift in Sources */,
				5ED936EA29212468005C815B /* ProfileViewModel.swift in Sources */,
				5E5387812947969000B1DAED /* CheckerServiceProtocol.swift in Sources */,
				5EAD6D8E281E988700091514 /* PostViewController.swift in Sources */,
				5EC2E79F29229BDB003E7295 /* LoginCoordinator.swift in Sources */,
				5EA2B5032859DFCE0078CCE1 /* LogInViewController.swift in Sources */,
				5E538785294B94A000B1DAED /* FeedViewCell.swift in Sources */,
				5EA0962B2907BEB5000A8034 /* TestUserService.swift in Sources */,
				5EAD6D7C2802C53D00091514 /* FeedViewController.swift in Sources */,
				5E10C67D28FC040200832F24 /* User.swift in Sources */,
				5E17FA5129368BC90059774E /* AppConfiguration.swift in Sources */,
				5ED936EF29214740005C815B /* ProfileAssembly.swift in Sources */,
				5ED936DE291BA319005C815B /* MainFeedCoordinator.swift in Sources */,
				5E5387772940DA2000B1DAED /* Resident.swift in Sources */,
				5E17FA4F293689F90059774E /* NetworkService.swift in Sources */,
				5EAD6D782802C53D00091514 /* AppDelegate.swift in Sources */,
				5E771992295092150047D048 /* ImagePicker.swift in Sources */,
				5E538783294798DA00B1DAED /* CheckerService.swift in Sources */,
				5E538787294C9B7400B1DAED /* FileFolder.swift in Sources */,
				5EA096352907C118000A8034 /* MyLoginFactory.swift in Sources */,
				5E17FA57293F4CD10059774E /* Json.swift in Sources */,
				5E890614282FEB690066A557 /* ProfileHeaderView.swift in Sources */,
				5EA096272907BDBB000A8034 /* UserService.swift in Sources */,
				5ED936E4291D29B9005C815B /* MainTabBarController.swift in Sources */,
				5EE2203B290ED1C0000C7DE2 /* CustomButton.swift in Sources */,
				5EC1FFCF281FFD2500BFBB79 /* InfoViewController.swift in Sources */,
				5EE2203D291422FE000C7DE2 /* FeedModel.swift in Sources */,
				5E890616282FEBB20066A557 /* ProfileViewController.swift in Sources */,
				5EC1FFCD281FE55000BFBB79 /* Posti.swift in Sources */,
			);
			runOnlyForDeploymentPostprocessing = 0;
		};
/* End PBXSourcesBuildPhase section */

/* Begin PBXTargetDependency section */
		5EA7A16828EC944300DC50E7 /* PBXTargetDependency */ = {
			isa = PBXTargetDependency;
			target = 5EA7A15328EC944300DC50E7 /* StorageService */;
			targetProxy = 5EA7A16728EC944300DC50E7 /* PBXContainerItemProxy */;
		};
/* End PBXTargetDependency section */

/* Begin PBXVariantGroup section */
		5EAD6D822802C53F00091514 /* LaunchScreen.storyboard */ = {
			isa = PBXVariantGroup;
			children = (
				5EAD6D832802C53F00091514 /* Base */,
			);
			name = LaunchScreen.storyboard;
			sourceTree = "<group>";
		};
/* End PBXVariantGroup section */

/* Begin XCBuildConfiguration section */
		5EA7A16C28EC944300DC50E7 /* Debug */ = {
			isa = XCBuildConfiguration;
			buildSettings = {
				CODE_SIGN_STYLE = Automatic;
				CURRENT_PROJECT_VERSION = 1;
				DEFINES_MODULE = YES;
				DEVELOPMENT_TEAM = V2LRGYXQ73;
				DYLIB_COMPATIBILITY_VERSION = 1;
				DYLIB_CURRENT_VERSION = 1;
				DYLIB_INSTALL_NAME_BASE = "@rpath";
				GENERATE_INFOPLIST_FILE = YES;
				INFOPLIST_KEY_NSHumanReadableCopyright = "";
				INSTALL_PATH = "$(LOCAL_LIBRARY_DIR)/Frameworks";
				IPHONEOS_DEPLOYMENT_TARGET = 15.5;
				LD_RUNPATH_SEARCH_PATHS = (
					"$(inherited)",
					"@executable_path/Frameworks",
					"@loader_path/Frameworks",
				);
				MARKETING_VERSION = 1.0;
				PRODUCT_BUNDLE_IDENTIFIER = IOS24.StorageService;
				PRODUCT_NAME = "$(TARGET_NAME:c99extidentifier)";
				SKIP_INSTALL = YES;
				SWIFT_EMIT_LOC_STRINGS = YES;
				SWIFT_VERSION = 5.0;
				TARGETED_DEVICE_FAMILY = "1,2";
				VERSIONING_SYSTEM = "apple-generic";
				VERSION_INFO_PREFIX = "";
			};
			name = Debug;
		};
		5EA7A16D28EC944300DC50E7 /* Release */ = {
			isa = XCBuildConfiguration;
			buildSettings = {
				CODE_SIGN_STYLE = Automatic;
				CURRENT_PROJECT_VERSION = 1;
				DEFINES_MODULE = YES;
				DEVELOPMENT_TEAM = V2LRGYXQ73;
				DYLIB_COMPATIBILITY_VERSION = 1;
				DYLIB_CURRENT_VERSION = 1;
				DYLIB_INSTALL_NAME_BASE = "@rpath";
				GENERATE_INFOPLIST_FILE = YES;
				INFOPLIST_KEY_NSHumanReadableCopyright = "";
				INSTALL_PATH = "$(LOCAL_LIBRARY_DIR)/Frameworks";
				IPHONEOS_DEPLOYMENT_TARGET = 15.5;
				LD_RUNPATH_SEARCH_PATHS = (
					"$(inherited)",
					"@executable_path/Frameworks",
					"@loader_path/Frameworks",
				);
				MARKETING_VERSION = 1.0;
				PRODUCT_BUNDLE_IDENTIFIER = IOS24.StorageService;
				PRODUCT_NAME = "$(TARGET_NAME:c99extidentifier)";
				SKIP_INSTALL = YES;
				SWIFT_EMIT_LOC_STRINGS = YES;
				SWIFT_VERSION = 5.0;
				TARGETED_DEVICE_FAMILY = "1,2";
				VERSIONING_SYSTEM = "apple-generic";
				VERSION_INFO_PREFIX = "";
			};
			name = Release;
		};
		5EAD6D862802C53F00091514 /* Debug */ = {
			isa = XCBuildConfiguration;
			buildSettings = {
				ALWAYS_SEARCH_USER_PATHS = NO;
				CLANG_ANALYZER_NONNULL = YES;
				CLANG_ANALYZER_NUMBER_OBJECT_CONVERSION = YES_AGGRESSIVE;
				CLANG_CXX_LANGUAGE_STANDARD = "gnu++17";
				CLANG_ENABLE_MODULES = YES;
				CLANG_ENABLE_OBJC_ARC = YES;
				CLANG_ENABLE_OBJC_WEAK = YES;
				CLANG_WARN_BLOCK_CAPTURE_AUTORELEASING = YES;
				CLANG_WARN_BOOL_CONVERSION = YES;
				CLANG_WARN_COMMA = YES;
				CLANG_WARN_CONSTANT_CONVERSION = YES;
				CLANG_WARN_DEPRECATED_OBJC_IMPLEMENTATIONS = YES;
				CLANG_WARN_DIRECT_OBJC_ISA_USAGE = YES_ERROR;
				CLANG_WARN_DOCUMENTATION_COMMENTS = YES;
				CLANG_WARN_EMPTY_BODY = YES;
				CLANG_WARN_ENUM_CONVERSION = YES;
				CLANG_WARN_INFINITE_RECURSION = YES;
				CLANG_WARN_INT_CONVERSION = YES;
				CLANG_WARN_NON_LITERAL_NULL_CONVERSION = YES;
				CLANG_WARN_OBJC_IMPLICIT_RETAIN_SELF = YES;
				CLANG_WARN_OBJC_LITERAL_CONVERSION = YES;
				CLANG_WARN_OBJC_ROOT_CLASS = YES_ERROR;
				CLANG_WARN_QUOTED_INCLUDE_IN_FRAMEWORK_HEADER = YES;
				CLANG_WARN_RANGE_LOOP_ANALYSIS = YES;
				CLANG_WARN_STRICT_PROTOTYPES = YES;
				CLANG_WARN_SUSPICIOUS_MOVE = YES;
				CLANG_WARN_UNGUARDED_AVAILABILITY = YES_AGGRESSIVE;
				CLANG_WARN_UNREACHABLE_CODE = YES;
				CLANG_WARN__DUPLICATE_METHOD_MATCH = YES;
				COPY_PHASE_STRIP = NO;
				DEBUG_INFORMATION_FORMAT = dwarf;
				ENABLE_STRICT_OBJC_MSGSEND = YES;
				ENABLE_TESTABILITY = YES;
				GCC_C_LANGUAGE_STANDARD = gnu11;
				GCC_DYNAMIC_NO_PIC = NO;
				GCC_NO_COMMON_BLOCKS = YES;
				GCC_OPTIMIZATION_LEVEL = 0;
				GCC_PREPROCESSOR_DEFINITIONS = (
					"DEBUG=1",
					"$(inherited)",
				);
				GCC_WARN_64_TO_32_BIT_CONVERSION = YES;
				GCC_WARN_ABOUT_RETURN_TYPE = YES_ERROR;
				GCC_WARN_UNDECLARED_SELECTOR = YES;
				GCC_WARN_UNINITIALIZED_AUTOS = YES_AGGRESSIVE;
				GCC_WARN_UNUSED_FUNCTION = YES;
				GCC_WARN_UNUSED_VARIABLE = YES;
				IPHONEOS_DEPLOYMENT_TARGET = 15.5;
				MTL_ENABLE_DEBUG_INFO = INCLUDE_SOURCE;
				MTL_FAST_MATH = YES;
				ONLY_ACTIVE_ARCH = YES;
				SDKROOT = iphoneos;
				SWIFT_ACTIVE_COMPILATION_CONDITIONS = DEBUG;
				SWIFT_OPTIMIZATION_LEVEL = "-Onone";
			};
			name = Debug;
		};
		5EAD6D872802C53F00091514 /* Release */ = {
			isa = XCBuildConfiguration;
			buildSettings = {
				ALWAYS_SEARCH_USER_PATHS = NO;
				CLANG_ANALYZER_NONNULL = YES;
				CLANG_ANALYZER_NUMBER_OBJECT_CONVERSION = YES_AGGRESSIVE;
				CLANG_CXX_LANGUAGE_STANDARD = "gnu++17";
				CLANG_ENABLE_MODULES = YES;
				CLANG_ENABLE_OBJC_ARC = YES;
				CLANG_ENABLE_OBJC_WEAK = YES;
				CLANG_WARN_BLOCK_CAPTURE_AUTORELEASING = YES;
				CLANG_WARN_BOOL_CONVERSION = YES;
				CLANG_WARN_COMMA = YES;
				CLANG_WARN_CONSTANT_CONVERSION = YES;
				CLANG_WARN_DEPRECATED_OBJC_IMPLEMENTATIONS = YES;
				CLANG_WARN_DIRECT_OBJC_ISA_USAGE = YES_ERROR;
				CLANG_WARN_DOCUMENTATION_COMMENTS = YES;
				CLANG_WARN_EMPTY_BODY = YES;
				CLANG_WARN_ENUM_CONVERSION = YES;
				CLANG_WARN_INFINITE_RECURSION = YES;
				CLANG_WARN_INT_CONVERSION = YES;
				CLANG_WARN_NON_LITERAL_NULL_CONVERSION = YES;
				CLANG_WARN_OBJC_IMPLICIT_RETAIN_SELF = YES;
				CLANG_WARN_OBJC_LITERAL_CONVERSION = YES;
				CLANG_WARN_OBJC_ROOT_CLASS = YES_ERROR;
				CLANG_WARN_QUOTED_INCLUDE_IN_FRAMEWORK_HEADER = YES;
				CLANG_WARN_RANGE_LOOP_ANALYSIS = YES;
				CLANG_WARN_STRICT_PROTOTYPES = YES;
				CLANG_WARN_SUSPICIOUS_MOVE = YES;
				CLANG_WARN_UNGUARDED_AVAILABILITY = YES_AGGRESSIVE;
				CLANG_WARN_UNREACHABLE_CODE = YES;
				CLANG_WARN__DUPLICATE_METHOD_MATCH = YES;
				COPY_PHASE_STRIP = NO;
				DEBUG_INFORMATION_FORMAT = "dwarf-with-dsym";
				ENABLE_NS_ASSERTIONS = NO;
				ENABLE_STRICT_OBJC_MSGSEND = YES;
				GCC_C_LANGUAGE_STANDARD = gnu11;
				GCC_NO_COMMON_BLOCKS = YES;
				GCC_WARN_64_TO_32_BIT_CONVERSION = YES;
				GCC_WARN_ABOUT_RETURN_TYPE = YES_ERROR;
				GCC_WARN_UNDECLARED_SELECTOR = YES;
				GCC_WARN_UNINITIALIZED_AUTOS = YES_AGGRESSIVE;
				GCC_WARN_UNUSED_FUNCTION = YES;
				GCC_WARN_UNUSED_VARIABLE = YES;
				IPHONEOS_DEPLOYMENT_TARGET = 15.5;
				MTL_ENABLE_DEBUG_INFO = NO;
				MTL_FAST_MATH = YES;
				SDKROOT = iphoneos;
				SWIFT_COMPILATION_MODE = wholemodule;
				SWIFT_OPTIMIZATION_LEVEL = "-O";
				VALIDATE_PRODUCT = YES;
			};
			name = Release;
		};
		5EAD6D892802C53F00091514 /* Debug */ = {
			isa = XCBuildConfiguration;
			buildSettings = {
				ASSETCATALOG_COMPILER_APPICON_NAME = AppIcon;
				ASSETCATALOG_COMPILER_GLOBAL_ACCENT_COLOR_NAME = AccentColor;
				CODE_SIGN_STYLE = Automatic;
				CURRENT_PROJECT_VERSION = 1;
				DEVELOPMENT_TEAM = V2LRGYXQ73;
				GENERATE_INFOPLIST_FILE = YES;
				INFOPLIST_FILE = Navigation/Info.plist;
				INFOPLIST_KEY_UIApplicationSupportsIndirectInputEvents = YES;
				INFOPLIST_KEY_UILaunchStoryboardName = LaunchScreen;
				INFOPLIST_KEY_UISupportedInterfaceOrientations_iPad = "UIInterfaceOrientationPortrait UIInterfaceOrientationPortraitUpsideDown UIInterfaceOrientationLandscapeLeft UIInterfaceOrientationLandscapeRight";
				INFOPLIST_KEY_UISupportedInterfaceOrientations_iPhone = "UIInterfaceOrientationPortrait UIInterfaceOrientationLandscapeLeft UIInterfaceOrientationLandscapeRight";
				LD_RUNPATH_SEARCH_PATHS = (
					"$(inherited)",
					"@executable_path/Frameworks",
				);
				MARKETING_VERSION = 1.0;
				PRODUCT_BUNDLE_IDENTIFIER = IOS20.Navigation;
				PRODUCT_NAME = "$(TARGET_NAME)";
				SWIFT_EMIT_LOC_STRINGS = YES;
				SWIFT_VERSION = 5.0;
				TARGETED_DEVICE_FAMILY = "1,2";
			};
			name = Debug;
		};
		5EAD6D8A2802C53F00091514 /* Release */ = {
			isa = XCBuildConfiguration;
			buildSettings = {
				ASSETCATALOG_COMPILER_APPICON_NAME = AppIcon;
				ASSETCATALOG_COMPILER_GLOBAL_ACCENT_COLOR_NAME = AccentColor;
				CODE_SIGN_STYLE = Automatic;
				CURRENT_PROJECT_VERSION = 1;
				DEVELOPMENT_TEAM = V2LRGYXQ73;
				GENERATE_INFOPLIST_FILE = YES;
				INFOPLIST_FILE = Navigation/Info.plist;
				INFOPLIST_KEY_UIApplicationSupportsIndirectInputEvents = YES;
				INFOPLIST_KEY_UILaunchStoryboardName = LaunchScreen;
				INFOPLIST_KEY_UISupportedInterfaceOrientations_iPad = "UIInterfaceOrientationPortrait UIInterfaceOrientationPortraitUpsideDown UIInterfaceOrientationLandscapeLeft UIInterfaceOrientationLandscapeRight";
				INFOPLIST_KEY_UISupportedInterfaceOrientations_iPhone = "UIInterfaceOrientationPortrait UIInterfaceOrientationLandscapeLeft UIInterfaceOrientationLandscapeRight";
				LD_RUNPATH_SEARCH_PATHS = (
					"$(inherited)",
					"@executable_path/Frameworks",
				);
				MARKETING_VERSION = 1.0;
				PRODUCT_BUNDLE_IDENTIFIER = IOS20.Navigation;
				PRODUCT_NAME = "$(TARGET_NAME)";
				SWIFT_EMIT_LOC_STRINGS = YES;
				SWIFT_VERSION = 5.0;
				TARGETED_DEVICE_FAMILY = "1,2";
			};
			name = Release;
		};
/* End XCBuildConfiguration section */

/* Begin XCConfigurationList section */
		5EA7A17028EC944300DC50E7 /* Build configuration list for PBXNativeTarget "StorageService" */ = {
			isa = XCConfigurationList;
			buildConfigurations = (
				5EA7A16C28EC944300DC50E7 /* Debug */,
				5EA7A16D28EC944300DC50E7 /* Release */,
			);
			defaultConfigurationIsVisible = 0;
			defaultConfigurationName = Release;
		};
		5EAD6D6F2802C53D00091514 /* Build configuration list for PBXProject "Navigation" */ = {
			isa = XCConfigurationList;
			buildConfigurations = (
				5EAD6D862802C53F00091514 /* Debug */,
				5EAD6D872802C53F00091514 /* Release */,
			);
			defaultConfigurationIsVisible = 0;
			defaultConfigurationName = Release;
		};
		5EAD6D882802C53F00091514 /* Build configuration list for PBXNativeTarget "Navigation" */ = {
			isa = XCConfigurationList;
			buildConfigurations = (
				5EAD6D892802C53F00091514 /* Debug */,
				5EAD6D8A2802C53F00091514 /* Release */,
			);
			defaultConfigurationIsVisible = 0;
			defaultConfigurationName = Release;
		};
/* End XCConfigurationList section */

/* Begin XCRemoteSwiftPackageReference section */
		5E53877D2945D2A000B1DAED /* XCRemoteSwiftPackageReference "firebase-ios-sdk" */ = {
			isa = XCRemoteSwiftPackageReference;
			repositoryURL = "https://github.com/firebase/firebase-ios-sdk";
			requirement = {
				branch = master;
				kind = branch;
			};
		};
		5EA09639290851A5000A8034 /* XCRemoteSwiftPackageReference "iOSIntPackage" */ = {
			isa = XCRemoteSwiftPackageReference;
			repositoryURL = "https://github.com/TrueMax/iOSIntPackage.git";
			requirement = {
				branch = imagepublisher;
				kind = branch;
			};
		};
/* End XCRemoteSwiftPackageReference section */

/* Begin XCSwiftPackageProductDependency section */
		5E53877E2945D2A000B1DAED /* FirebaseAuth */ = {
			isa = XCSwiftPackageProductDependency;
			package = 5E53877D2945D2A000B1DAED /* XCRemoteSwiftPackageReference "firebase-ios-sdk" */;
			productName = FirebaseAuth;
		};
		5EA0963A290851A5000A8034 /* iOSIntPackage */ = {
			isa = XCSwiftPackageProductDependency;
			package = 5EA09639290851A5000A8034 /* XCRemoteSwiftPackageReference "iOSIntPackage" */;
			productName = iOSIntPackage;
		};
/* End XCSwiftPackageProductDependency section */
	};
	rootObject = 5EAD6D6C2802C53D00091514 /* Project object */;
}
